{
  "name": "samba-mounter-app",
  "version": "0.1.0",
  "lockfileVersion": 3,
  "requires": true,
  "packages": {
    "": {
      "name": "samba-mounter-app",
      "version": "0.1.0",
      "devDependencies": {
        "@tauri-apps/cli": "^2"
      }
    },
    "node_modules/@tauri-apps/cli": {
      "version": "2.4.1",
      "resolved": "https://registry.npmjs.org/@tauri-apps/cli/-/cli-2.4.1.tgz",
      "integrity": "sha512-9Ta81jx9+57FhtU/mPIckDcOBtPTUdKM75t4+aA0X84b8Sclb0jy1xA8NplmcRzp2fsfIHNngU2NiRxsW5+yOQ==",
      "dev": true,
      "license": "Apache-2.0 OR MIT",
      "bin": {
        "tauri": "tauri.js"
      },
      "engines": {
        "node": ">= 10"
      },
      "funding": {
        "type": "opencollective",
        "url": "https://opencollective.com/tauri"
      },
      "optionalDependencies": {
        "@tauri-apps/cli-darwin-arm64": "2.4.1",
        "@tauri-apps/cli-darwin-x64": "2.4.1",
        "@tauri-apps/cli-linux-arm-gnueabihf": "2.4.1",
        "@tauri-apps/cli-linux-arm64-gnu": "2.4.1",
        "@tauri-apps/cli-linux-arm64-musl": "2.4.1",
        "@tauri-apps/cli-linux-riscv64-gnu": "2.4.1",
        "@tauri-apps/cli-linux-x64-gnu": "2.4.1",
        "@tauri-apps/cli-linux-x64-musl": "2.4.1",
        "@tauri-apps/cli-win32-arm64-msvc": "2.4.1",
        "@tauri-apps/cli-win32-ia32-msvc": "2.4.1",
        "@tauri-apps/cli-win32-x64-msvc": "2.4.1"
      }
    },
    "node_modules/@tauri-apps/cli-darwin-x64": {
      "version": "2.4.1",
      "resolved": "https://registry.npmjs.org/@tauri-apps/cli-darwin-x64/-/cli-darwin-x64-2.4.1.tgz",
      "integrity": "sha512-/r89IcW6Ya1sEsFUEH7wLNruDTj7WmDWKGpPy7gATFtQr5JEY4heernqE82isjTUimnHZD8SCr0jA3NceI4ybw==",
      "cpu": [
        "x64"
      ],
      "dev": true,
      "license": "Apache-2.0 OR MIT",
      "optional": true,
      "os": [
        "darwin"
      ],
      "engines": {
        "node": ">= 10"
      }
    }
  }
}
