# THIS IS AN AUTOGENERATED FILE. DO NOT EDIT THIS FILE DIRECTLY.
# yarn lockfile v1


"@tauri-apps/cli-darwin-x64@2.4.1":
  version "2.4.1"
  resolved "https://registry.npmjs.org/@tauri-apps/cli-darwin-x64/-/cli-darwin-x64-2.4.1.tgz"
  integrity sha512-/r89IcW6Ya1sEsFUEH7wLNruDTj7WmDWKGpPy7gATFtQr5JEY4heernqE82isjTUimnHZD8SCr0jA3NceI4ybw==

"@tauri-apps/cli@^2":
  version "2.4.1"
  resolved "https://registry.npmjs.org/@tauri-apps/cli/-/cli-2.4.1.tgz"
  integrity sha512-9Ta81jx9+57FhtU/mPIckDcOBtPTUdKM75t4+aA0X84b8Sclb0jy1xA8NplmcRzp2fsfIHNngU2NiRxsW5+yOQ==
  optionalDependencies:
    "@tauri-apps/cli-darwin-arm64" "2.4.1"
    "@tauri-apps/cli-darwin-x64" "2.4.1"
    "@tauri-apps/cli-linux-arm-gnueabihf" "2.4.1"
    "@tauri-apps/cli-linux-arm64-gnu" "2.4.1"
    "@tauri-apps/cli-linux-arm64-musl" "2.4.1"
    "@tauri-apps/cli-linux-riscv64-gnu" "2.4.1"
    "@tauri-apps/cli-linux-x64-gnu" "2.4.1"
    "@tauri-apps/cli-linux-x64-musl" "2.4.1"
    "@tauri-apps/cli-win32-arm64-msvc" "2.4.1"
    "@tauri-apps/cli-win32-ia32-msvc" "2.4.1"
    "@tauri-apps/cli-win32-x64-msvc" "2.4.1"
